
Microsoft Visual Studio Solution File, Format Version 12.00
# Visual Studio Version 16
VisualStudioVersion = 16.0.29709.97
MinimumVisualStudioVersion = 10.0.40219.1
Project("{FAE04EC0-301F-11D3-BF4B-00C04F79EFBC}") = "AutoClick", "AutoClick.csproj", "{50FA31E8-D3FD-488F-9454-EC4C70581156}"
EndProject
Global
	GlobalSection(SolutionConfigurationPlatforms) = preSolution
		Debug|Any CPU = Debug|Any CPU
		Release|Any CPU = Release|Any CPU
	EndGlobalSection
	GlobalSection(ProjectConfigurationPlatforms) = postSolution
		{50FA31E8-D3FD-488F-9454-EC4C70581156}.Debug|Any CPU.ActiveCfg = Debug|Any CPU
		{50FA31E8-D3FD-488F-9454-EC4C70581156}.Debug|Any CPU.Build.0 = Debug|Any CPU
		{50FA31E8-D3FD-488F-9454-EC4C70581156}.Release|Any CPU.ActiveCfg = Release|Any CPU
		{50FA31E8-D3FD-488F-9454-EC4C70581156}.Release|Any CPU.Build.0 = Release|Any CPU
	EndGlobalSection
	GlobalSection(SolutionProperties) = preSolution
		HideSolutionNode = FALSE
	EndGlobalSection
	GlobalSection(ExtensibilityGlobals) = postSolution
		SolutionGuid = {E826F1FD-D31A-4832-9898-3DFA7BDA6F35}
	EndGlobalSection
EndGlobal
